// !$*UTF8*$!
{
	archiveVersion = 1;
	classes = {
	};
	objectVersion = 46;
	objects = {

/* Begin PBXBuildFile section */
		E74F53B81C03AE810050BA8D /* Particleboard.h in Headers */ = {isa = PBXBuildFile; fileRef = E74F53B71C03AE810050BA8D /* Particleboard.h */; settings = {ATTRIBUTES = (Public, ); }; };
		E74F53BF1C03AE810050BA8D /* Particleboard.framework in Frameworks */ = {isa = PBXBuildFile; fileRef = E74F53B41C03AE810050BA8D /* Particleboard.framework */; };
		E74F53C41C03AE810050BA8D /* ParticleboardTests.swift in Sources */ = {isa = PBXBuildFile; fileRef = E74F53C31C03AE810050BA8D /* ParticleboardTests.swift */; };
		E74F53D01C03AE9B0050BA8D /* .gitignore in Resources */ = {isa = PBXBuildFile; fileRef = E74F53CF1C03AE9B0050BA8D /* .gitignore */; };
		E74F53D21C03AEA20050BA8D /* README.md in Sources */ = {isa = PBXBuildFile; fileRef = E74F53D11C03AEA20050BA8D /* README.md */; };
		E74F53D41C03AEAA0050BA8D /* config.yml in Resources */ = {isa = PBXBuildFile; fileRef = E74F53D31C03AEAA0050BA8D /* config.yml */; };
		E74F53D61C03AF340050BA8D /* PBMusic.swift in Sources */ = {isa = PBXBuildFile; fileRef = E74F53D51C03AF340050BA8D /* PBMusic.swift */; };
		E75F97371C5FA6020037A21B /* BaseDestination.swift in Sources */ = {isa = PBXBuildFile; fileRef = E75F97331C5FA6020037A21B /* BaseDestination.swift */; };
		E75F97381C5FA6020037A21B /* ConsoleDestination.swift in Sources */ = {isa = PBXBuildFile; fileRef = E75F97341C5FA6020037A21B /* ConsoleDestination.swift */; };
		E75F97391C5FA6020037A21B /* FileDestination.swift in Sources */ = {isa = PBXBuildFile; fileRef = E75F97351C5FA6020037A21B /* FileDestination.swift */; };
		E75F973A1C5FA6020037A21B /* SwiftyBeaver.swift in Sources */ = {isa = PBXBuildFile; fileRef = E75F97361C5FA6020037A21B /* SwiftyBeaver.swift */; };
		E776DEB51C15DE6D00DB231D /* PBSound.swift in Sources */ = {isa = PBXBuildFile; fileRef = E776DEB41C15DE6D00DB231D /* PBSound.swift */; };
		E79C415F1C1F4605005481E6 /* Int+Extensions.swift in Sources */ = {isa = PBXBuildFile; fileRef = E79C415E1C1F4605005481E6 /* Int+Extensions.swift */; };
		E79C417B1C20B53A005481E6 /* ASAttributedLabelNode.swift in Sources */ = {isa = PBXBuildFile; fileRef = E79C416D1C20B53A005481E6 /* ASAttributedLabelNode.swift */; };
		E79C417C1C20B53A005481E6 /* CGVector+Extensions.swift in Sources */ = {isa = PBXBuildFile; fileRef = E79C416E1C20B53A005481E6 /* CGVector+Extensions.swift */; };
		E79C417D1C20B53A005481E6 /* CGPoint+Extensions.swift in Sources */ = {isa = PBXBuildFile; fileRef = E79C416F1C20B53A005481E6 /* CGPoint+Extensions.swift */; };
		E79C417E1C20B53A005481E6 /* CGFloat+Extensions.swift in Sources */ = {isa = PBXBuildFile; fileRef = E79C41701C20B53A005481E6 /* CGFloat+Extensions.swift */; };
		E79C417F1C20B53A005481E6 /* String+Extensions.swift in Sources */ = {isa = PBXBuildFile; fileRef = E79C41711C20B53A005481E6 /* String+Extensions.swift */; };
		E79C41801C20B53A005481E6 /* CGPath+Extensions.swift in Sources */ = {isa = PBXBuildFile; fileRef = E79C41721C20B53A005481E6 /* CGPath+Extensions.swift */; };
		E79C41811C20B53A005481E6 /* Graphics.swift in Sources */ = {isa = PBXBuildFile; fileRef = E79C41731C20B53A005481E6 /* Graphics.swift */; };
		E79C41821C20B53A005481E6 /* Easing.swift in Sources */ = {isa = PBXBuildFile; fileRef = E79C41741C20B53A005481E6 /* Easing.swift */; };
		E79C41831C20B53A005481E6 /* Time.swift in Sources */ = {isa = PBXBuildFile; fileRef = E79C41751C20B53A005481E6 /* Time.swift */; };
		E79C41841C20B53A005481E6 /* ZPosition.swift in Sources */ = {isa = PBXBuildFile; fileRef = E79C41761C20B53A005481E6 /* ZPosition.swift */; };
		E79C41851C20B53A005481E6 /* float2+Extensions.swift in Sources */ = {isa = PBXBuildFile; fileRef = E79C41771C20B53A005481E6 /* float2+Extensions.swift */; };
		E79C41861C20B53A005481E6 /* SKCameraNode+Extensions.swift in Sources */ = {isa = PBXBuildFile; fileRef = E79C41781C20B53A005481E6 /* SKCameraNode+Extensions.swift */; };
		E79C41871C20B53A005481E6 /* CGRect+Extensions.swift in Sources */ = {isa = PBXBuildFile; fileRef = E79C41791C20B53A005481E6 /* CGRect+Extensions.swift */; };
/* End PBXBuildFile section */

/* Begin PBXContainerItemProxy section */
		E74F53C01C03AE810050BA8D /* PBXContainerItemProxy */ = {
			isa = PBXContainerItemProxy;
			containerPortal = E74F53AB1C03AE810050BA8D /* Project object */;
			proxyType = 1;
			remoteGlobalIDString = E74F53B31C03AE810050BA8D;
			remoteInfo = Particleboard;
		};
/* End PBXContainerItemProxy section */

/* Begin PBXFileReference section */
		E74F53B41C03AE810050BA8D /* Particleboard.framework */ = {isa = PBXFileReference; explicitFileType = wrapper.framework; includeInIndex = 0; path = Particleboard.framework; sourceTree = BUILT_PRODUCTS_DIR; };
		E74F53B71C03AE810050BA8D /* Particleboard.h */ = {isa = PBXFileReference; lastKnownFileType = sourcecode.c.h; name = Particleboard.h; path = Particleboard/Particleboard.h; sourceTree = "<group>"; };
		E74F53B91C03AE810050BA8D /* Info.plist */ = {isa = PBXFileReference; lastKnownFileType = text.plist.xml; name = Info.plist; path = Particleboard/Info.plist; sourceTree = "<group>"; };
		E74F53BE1C03AE810050BA8D /* ParticleboardTests.xctest */ = {isa = PBXFileReference; explicitFileType = wrapper.cfbundle; includeInIndex = 0; path = ParticleboardTests.xctest; sourceTree = BUILT_PRODUCTS_DIR; };
		E74F53C31C03AE810050BA8D /* ParticleboardTests.swift */ = {isa = PBXFileReference; lastKnownFileType = sourcecode.swift; path = ParticleboardTests.swift; sourceTree = "<group>"; };
		E74F53C51C03AE810050BA8D /* Info.plist */ = {isa = PBXFileReference; lastKnownFileType = text.plist.xml; path = Info.plist; sourceTree = "<group>"; };
		E74F53CF1C03AE9B0050BA8D /* .gitignore */ = {isa = PBXFileReference; fileEncoding = 4; lastKnownFileType = text; path = .gitignore; sourceTree = "<group>"; };
		E74F53D11C03AEA20050BA8D /* README.md */ = {isa = PBXFileReference; fileEncoding = 4; lastKnownFileType = net.daringfireball.markdown; path = README.md; sourceTree = "<group>"; };
		E74F53D31C03AEAA0050BA8D /* config.yml */ = {isa = PBXFileReference; fileEncoding = 4; lastKnownFileType = text; path = config.yml; sourceTree = "<group>"; };
		E74F53D51C03AF340050BA8D /* PBMusic.swift */ = {isa = PBXFileReference; fileEncoding = 4; lastKnownFileType = sourcecode.swift; path = PBMusic.swift; sourceTree = "<group>"; };
		E75F97331C5FA6020037A21B /* BaseDestination.swift */ = {isa = PBXFileReference; fileEncoding = 4; lastKnownFileType = sourcecode.swift; path = BaseDestination.swift; sourceTree = "<group>"; };
		E75F97341C5FA6020037A21B /* ConsoleDestination.swift */ = {isa = PBXFileReference; fileEncoding = 4; lastKnownFileType = sourcecode.swift; path = ConsoleDestination.swift; sourceTree = "<group>"; };
		E75F97351C5FA6020037A21B /* FileDestination.swift */ = {isa = PBXFileReference; fileEncoding = 4; lastKnownFileType = sourcecode.swift; path = FileDestination.swift; sourceTree = "<group>"; };
		E75F97361C5FA6020037A21B /* SwiftyBeaver.swift */ = {isa = PBXFileReference; fileEncoding = 4; lastKnownFileType = sourcecode.swift; path = SwiftyBeaver.swift; sourceTree = "<group>"; };
		E776DEB41C15DE6D00DB231D /* PBSound.swift */ = {isa = PBXFileReference; fileEncoding = 4; lastKnownFileType = sourcecode.swift; path = PBSound.swift; sourceTree = "<group>"; };
		E79C415E1C1F4605005481E6 /* Int+Extensions.swift */ = {isa = PBXFileReference; fileEncoding = 4; lastKnownFileType = sourcecode.swift; path = "Int+Extensions.swift"; sourceTree = "<group>"; };
		E79C416D1C20B53A005481E6 /* ASAttributedLabelNode.swift */ = {isa = PBXFileReference; fileEncoding = 4; lastKnownFileType = sourcecode.swift; path = ASAttributedLabelNode.swift; sourceTree = "<group>"; };
		E79C416E1C20B53A005481E6 /* CGVector+Extensions.swift */ = {isa = PBXFileReference; fileEncoding = 4; lastKnownFileType = sourcecode.swift; path = "CGVector+Extensions.swift"; sourceTree = "<group>"; };
		E79C416F1C20B53A005481E6 /* CGPoint+Extensions.swift */ = {isa = PBXFileReference; fileEncoding = 4; lastKnownFileType = sourcecode.swift; path = "CGPoint+Extensions.swift"; sourceTree = "<group>"; };
		E79C41701C20B53A005481E6 /* CGFloat+Extensions.swift */ = {isa = PBXFileReference; fileEncoding = 4; lastKnownFileType = sourcecode.swift; path = "CGFloat+Extensions.swift"; sourceTree = "<group>"; };
		E79C41711C20B53A005481E6 /* String+Extensions.swift */ = {isa = PBXFileReference; fileEncoding = 4; lastKnownFileType = sourcecode.swift; path = "String+Extensions.swift"; sourceTree = "<group>"; };
		E79C41721C20B53A005481E6 /* CGPath+Extensions.swift */ = {isa = PBXFileReference; fileEncoding = 4; lastKnownFileType = sourcecode.swift; path = "CGPath+Extensions.swift"; sourceTree = "<group>"; };
		E79C41731C20B53A005481E6 /* Graphics.swift */ = {isa = PBXFileReference; fileEncoding = 4; lastKnownFileType = sourcecode.swift; path = Graphics.swift; sourceTree = "<group>"; };
		E79C41741C20B53A005481E6 /* Easing.swift */ = {isa = PBXFileReference; fileEncoding = 4; lastKnownFileType = sourcecode.swift; path = Easing.swift; sourceTree = "<group>"; };
		E79C41751C20B53A005481E6 /* Time.swift */ = {isa = PBXFileReference; fileEncoding = 4; lastKnownFileType = sourcecode.swift; path = Time.swift; sourceTree = "<group>"; };
		E79C41761C20B53A005481E6 /* ZPosition.swift */ = {isa = PBXFileReference; fileEncoding = 4; lastKnownFileType = sourcecode.swift; path = ZPosition.swift; sourceTree = "<group>"; };
		E79C41771C20B53A005481E6 /* float2+Extensions.swift */ = {isa = PBXFileReference; fileEncoding = 4; lastKnownFileType = sourcecode.swift; path = "float2+Extensions.swift"; sourceTree = "<group>"; };
		E79C41781C20B53A005481E6 /* SKCameraNode+Extensions.swift */ = {isa = PBXFileReference; fileEncoding = 4; lastKnownFileType = sourcecode.swift; path = "SKCameraNode+Extensions.swift"; sourceTree = "<group>"; };
		E79C41791C20B53A005481E6 /* CGRect+Extensions.swift */ = {isa = PBXFileReference; fileEncoding = 4; lastKnownFileType = sourcecode.swift; path = "CGRect+Extensions.swift"; sourceTree = "<group>"; };
/* End PBXFileReference section */

/* Begin PBXFrameworksBuildPhase section */
		E74F53B01C03AE810050BA8D /* Frameworks */ = {
			isa = PBXFrameworksBuildPhase;
			buildActionMask = 2147483647;
			files = (
			);
			runOnlyForDeploymentPostprocessing = 0;
		};
		E74F53BB1C03AE810050BA8D /* Frameworks */ = {
			isa = PBXFrameworksBuildPhase;
			buildActionMask = 2147483647;
			files = (
				E74F53BF1C03AE810050BA8D /* Particleboard.framework in Frameworks */,
			);
			runOnlyForDeploymentPostprocessing = 0;
		};
/* End PBXFrameworksBuildPhase section */

/* Begin PBXGroup section */
		E74F53AA1C03AE810050BA8D = {
			isa = PBXGroup;
			children = (
				E74F53B61C03AE810050BA8D /* Particleboard */,
				E74F53CE1C03AE890050BA8D /* Info */,
				E74F53C21C03AE810050BA8D /* ParticleboardTests */,
				E74F53B51C03AE810050BA8D /* Products */,
			);
			sourceTree = "<group>";
		};
		E74F53B51C03AE810050BA8D /* Products */ = {
			isa = PBXGroup;
			children = (
				E74F53B41C03AE810050BA8D /* Particleboard.framework */,
				E74F53BE1C03AE810050BA8D /* ParticleboardTests.xctest */,
			);
			name = Products;
			sourceTree = "<group>";
		};
		E74F53B61C03AE810050BA8D /* Particleboard */ = {
			isa = PBXGroup;
			children = (
				E74F53D51C03AF340050BA8D /* PBMusic.swift */,
				E776DEB41C15DE6D00DB231D /* PBSound.swift */,
				E79C415E1C1F4605005481E6 /* Int+Extensions.swift */,
				E79C416D1C20B53A005481E6 /* ASAttributedLabelNode.swift */,
				E79C416E1C20B53A005481E6 /* CGVector+Extensions.swift */,
				E79C416F1C20B53A005481E6 /* CGPoint+Extensions.swift */,
				E79C41701C20B53A005481E6 /* CGFloat+Extensions.swift */,
				E79C41711C20B53A005481E6 /* String+Extensions.swift */,
				E79C41721C20B53A005481E6 /* CGPath+Extensions.swift */,
				E79C41731C20B53A005481E6 /* Graphics.swift */,
				E79C41741C20B53A005481E6 /* Easing.swift */,
				E79C41751C20B53A005481E6 /* Time.swift */,
				E79C41761C20B53A005481E6 /* ZPosition.swift */,
				E79C41771C20B53A005481E6 /* float2+Extensions.swift */,
				E79C41781C20B53A005481E6 /* SKCameraNode+Extensions.swift */,
				E79C41791C20B53A005481E6 /* CGRect+Extensions.swift */,
				E75F97331C5FA6020037A21B /* BaseDestination.swift */,
				E75F97341C5FA6020037A21B /* ConsoleDestination.swift */,
				E75F97351C5FA6020037A21B /* FileDestination.swift */,
				E75F97361C5FA6020037A21B /* SwiftyBeaver.swift */,
			);
			path = Particleboard;
			sourceTree = "<group>";
		};
		E74F53C21C03AE810050BA8D /* ParticleboardTests */ = {
			isa = PBXGroup;
			children = (
				E74F53C31C03AE810050BA8D /* ParticleboardTests.swift */,
				E74F53C51C03AE810050BA8D /* Info.plist */,
			);
			path = ParticleboardTests;
			sourceTree = "<group>";
		};
		E74F53CE1C03AE890050BA8D /* Info */ = {
			isa = PBXGroup;
			children = (
				E74F53D31C03AEAA0050BA8D /* config.yml */,
				E74F53D11C03AEA20050BA8D /* README.md */,
				E74F53CF1C03AE9B0050BA8D /* .gitignore */,
				E74F53B71C03AE810050BA8D /* Particleboard.h */,
				E74F53B91C03AE810050BA8D /* Info.plist */,
			);
			name = Info;
			sourceTree = "<group>";
		};
/* End PBXGroup section */

/* Begin PBXHeadersBuildPhase section */
		E74F53B11C03AE810050BA8D /* Headers */ = {
			isa = PBXHeadersBuildPhase;
			buildActionMask = 2147483647;
			files = (
				E74F53B81C03AE810050BA8D /* Particleboard.h in Headers */,
			);
			runOnlyForDeploymentPostprocessing = 0;
		};
/* End PBXHeadersBuildPhase section */

/* Begin PBXNativeTarget section */
		E74F53B31C03AE810050BA8D /* Particleboard */ = {
			isa = PBXNativeTarget;
			buildConfigurationList = E74F53C81C03AE810050BA8D /* Build configuration list for PBXNativeTarget "Particleboard" */;
			buildPhases = (
				E74F53AF1C03AE810050BA8D /* Sources */,
				E74F53B01C03AE810050BA8D /* Frameworks */,
				E74F53B11C03AE810050BA8D /* Headers */,
				E74F53B21C03AE810050BA8D /* Resources */,
			);
			buildRules = (
			);
			dependencies = (
			);
			name = Particleboard;
			productName = Particleboard;
			productReference = E74F53B41C03AE810050BA8D /* Particleboard.framework */;
			productType = "com.apple.product-type.framework";
		};
		E74F53BD1C03AE810050BA8D /* ParticleboardTests */ = {
			isa = PBXNativeTarget;
			buildConfigurationList = E74F53CB1C03AE810050BA8D /* Build configuration list for PBXNativeTarget "ParticleboardTests" */;
			buildPhases = (
				E74F53BA1C03AE810050BA8D /* Sources */,
				E74F53BB1C03AE810050BA8D /* Frameworks */,
				E74F53BC1C03AE810050BA8D /* Resources */,
			);
			buildRules = (
			);
			dependencies = (
				E74F53C11C03AE810050BA8D /* PBXTargetDependency */,
			);
			name = ParticleboardTests;
			productName = ParticleboardTests;
			productReference = E74F53BE1C03AE810050BA8D /* ParticleboardTests.xctest */;
			productType = "com.apple.product-type.bundle.unit-test";
		};
/* End PBXNativeTarget section */

/* Begin PBXProject section */
		E74F53AB1C03AE810050BA8D /* Project object */ = {
			isa = PBXProject;
			attributes = {
				LastSwiftUpdateCheck = 0710;
				LastUpgradeCheck = 0710;
				ORGANIZATIONNAME = "Phalanx Studios";
				TargetAttributes = {
					E74F53B31C03AE810050BA8D = {
						CreatedOnToolsVersion = 7.1.1;
					};
					E74F53BD1C03AE810050BA8D = {
						CreatedOnToolsVersion = 7.1.1;
					};
				};
			};
			buildConfigurationList = E74F53AE1C03AE810050BA8D /* Build configuration list for PBXProject "Particleboard" */;
			compatibilityVersion = "Xcode 3.2";
			developmentRegion = English;
			hasScannedForEncodings = 0;
			knownRegions = (
				en,
			);
			mainGroup = E74F53AA1C03AE810050BA8D;
			productRefGroup = E74F53B51C03AE810050BA8D /* Products */;
			projectDirPath = "";
			projectRoot = "";
			targets = (
				E74F53B31C03AE810050BA8D /* Particleboard */,
				E74F53BD1C03AE810050BA8D /* ParticleboardTests */,
			);
		};
/* End PBXProject section */

/* Begin PBXResourcesBuildPhase section */
		E74F53B21C03AE810050BA8D /* Resources */ = {
			isa = PBXResourcesBuildPhase;
			buildActionMask = 2147483647;
			files = (
				E74F53D41C03AEAA0050BA8D /* config.yml in Resources */,
				E74F53D01C03AE9B0050BA8D /* .gitignore in Resources */,
			);
			runOnlyForDeploymentPostprocessing = 0;
		};
		E74F53BC1C03AE810050BA8D /* Resources */ = {
			isa = PBXResourcesBuildPhase;
			buildActionMask = 2147483647;
			files = (
			);
			runOnlyForDeploymentPostprocessing = 0;
		};
/* End PBXResourcesBuildPhase section */

/* Begin PBXSourcesBuildPhase section */
		E74F53AF1C03AE810050BA8D /* Sources */ = {
			isa = PBXSourcesBuildPhase;
			buildActionMask = 2147483647;
			files = (
				E79C41861C20B53A005481E6 /* SKCameraNode+Extensions.swift in Sources */,
				E75F973A1C5FA6020037A21B /* SwiftyBeaver.swift in Sources */,
				E79C417D1C20B53A005481E6 /* CGPoint+Extensions.swift in Sources */,
				E79C41871C20B53A005481E6 /* CGRect+Extensions.swift in Sources */,
				E79C41811C20B53A005481E6 /* Graphics.swift in Sources */,
				E79C41821C20B53A005481E6 /* Easing.swift in Sources */,
				E75F97381C5FA6020037A21B /* ConsoleDestination.swift in Sources */,
				E75F97371C5FA6020037A21B /* BaseDestination.swift in Sources */,
				E79C417B1C20B53A005481E6 /* ASAttributedLabelNode.swift in Sources */,
				E79C41851C20B53A005481E6 /* float2+Extensions.swift in Sources */,
				E74F53D21C03AEA20050BA8D /* README.md in Sources */,
				E79C41841C20B53A005481E6 /* ZPosition.swift in Sources */,
				E79C417C1C20B53A005481E6 /* CGVector+Extensions.swift in Sources */,
				E79C41831C20B53A005481E6 /* Time.swift in Sources */,
				E79C417F1C20B53A005481E6 /* String+Extensions.swift in Sources */,
				E79C415F1C1F4605005481E6 /* Int+Extensions.swift in Sources */,
				E74F53D61C03AF340050BA8D /* PBMusic.swift in Sources */,
				E79C417E1C20B53A005481E6 /* CGFloat+Extensions.swift in Sources */,
				E79C41801C20B53A005481E6 /* CGPath+Extensions.swift in Sources */,
				E75F97391C5FA6020037A21B /* FileDestination.swift in Sources */,
				E776DEB51C15DE6D00DB231D /* PBSound.swift in Sources */,
			);
			runOnlyForDeploymentPostprocessing = 0;
		};
		E74F53BA1C03AE810050BA8D /* Sources */ = {
			isa = PBXSourcesBuildPhase;
			buildActionMask = 2147483647;
			files = (
				E74F53C41C03AE810050BA8D /* ParticleboardTests.swift in Sources */,
			);
			runOnlyForDeploymentPostprocessing = 0;
		};
/* End PBXSourcesBuildPhase section */

/* Begin PBXTargetDependency section */
		E74F53C11C03AE810050BA8D /* PBXTargetDependency */ = {
			isa = PBXTargetDependency;
			target = E74F53B31C03AE810050BA8D /* Particleboard */;
			targetProxy = E74F53C01C03AE810050BA8D /* PBXContainerItemProxy */;
		};
/* End PBXTargetDependency section */

/* Begin XCBuildConfiguration section */
		E74F53C61C03AE810050BA8D /* Debug */ = {
			isa = XCBuildConfiguration;
			buildSettings = {
				ALWAYS_SEARCH_USER_PATHS = NO;
				CLANG_CXX_LANGUAGE_STANDARD = "gnu++0x";
				CLANG_CXX_LIBRARY = "libc++";
				CLANG_ENABLE_MODULES = YES;
				CLANG_ENABLE_OBJC_ARC = YES;
				CLANG_WARN_BOOL_CONVERSION = YES;
				CLANG_WARN_CONSTANT_CONVERSION = YES;
				CLANG_WARN_DIRECT_OBJC_ISA_USAGE = YES_ERROR;
				CLANG_WARN_EMPTY_BODY = YES;
				CLANG_WARN_ENUM_CONVERSION = YES;
				CLANG_WARN_INT_CONVERSION = YES;
				CLANG_WARN_OBJC_ROOT_CLASS = YES_ERROR;
				CLANG_WARN_UNREACHABLE_CODE = YES;
				CLANG_WARN__DUPLICATE_METHOD_MATCH = YES;
				"CODE_SIGN_IDENTITY[sdk=iphoneos*]" = "iPhone Developer";
				COPY_PHASE_STRIP = NO;
				CURRENT_PROJECT_VERSION = 1;
				DEBUG_INFORMATION_FORMAT = dwarf;
				ENABLE_STRICT_OBJC_MSGSEND = YES;
				ENABLE_TESTABILITY = YES;
				GCC_C_LANGUAGE_STANDARD = gnu99;
				GCC_DYNAMIC_NO_PIC = NO;
				GCC_NO_COMMON_BLOCKS = YES;
				GCC_OPTIMIZATION_LEVEL = 0;
				GCC_PREPROCESSOR_DEFINITIONS = (
					"DEBUG=1",
					"$(inherited)",
				);
				GCC_WARN_64_TO_32_BIT_CONVERSION = YES;
				GCC_WARN_ABOUT_RETURN_TYPE = YES_ERROR;
				GCC_WARN_UNDECLARED_SELECTOR = YES;
				GCC_WARN_UNINITIALIZED_AUTOS = YES_AGGRESSIVE;
				GCC_WARN_UNUSED_FUNCTION = YES;
				GCC_WARN_UNUSED_VARIABLE = YES;
				IPHONEOS_DEPLOYMENT_TARGET = 9.1;
				MTL_ENABLE_DEBUG_INFO = YES;
				ONLY_ACTIVE_ARCH = YES;
				SDKROOT = iphoneos;
				SWIFT_OPTIMIZATION_LEVEL = "-Onone";
				TARGETED_DEVICE_FAMILY = "1,2";
				VERSIONING_SYSTEM = "apple-generic";
				VERSION_INFO_PREFIX = "";
			};
			name = Debug;
		};
		E74F53C71C03AE810050BA8D /* Release */ = {
			isa = XCBuildConfiguration;
			buildSettings = {
				ALWAYS_SEARCH_USER_PATHS = NO;
				CLANG_CXX_LANGUAGE_STANDARD = "gnu++0x";
				CLANG_CXX_LIBRARY = "libc++";
				CLANG_ENABLE_MODULES = YES;
				CLANG_ENABLE_OBJC_ARC = YES;
				CLANG_WARN_BOOL_CONVERSION = YES;
				CLANG_WARN_CONSTANT_CONVERSION = YES;
				CLANG_WARN_DIRECT_OBJC_ISA_USAGE = YES_ERROR;
				CLANG_WARN_EMPTY_BODY = YES;
				CLANG_WARN_ENUM_CONVERSION = YES;
				CLANG_WARN_INT_CONVERSION = YES;
				CLANG_WARN_OBJC_ROOT_CLASS = YES_ERROR;
				CLANG_WARN_UNREACHABLE_CODE = YES;
				CLANG_WARN__DUPLICATE_METHOD_MATCH = YES;
				"CODE_SIGN_IDENTITY[sdk=iphoneos*]" = "iPhone Developer";
				COPY_PHASE_STRIP = NO;
				CURRENT_PROJECT_VERSION = 1;
				DEBUG_INFORMATION_FORMAT = "dwarf-with-dsym";
				ENABLE_NS_ASSERTIONS = NO;
				ENABLE_STRICT_OBJC_MSGSEND = YES;
				GCC_C_LANGUAGE_STANDARD = gnu99;
				GCC_NO_COMMON_BLOCKS = YES;
				GCC_WARN_64_TO_32_BIT_CONVERSION = YES;
				GCC_WARN_ABOUT_RETURN_TYPE = YES_ERROR;
				GCC_WARN_UNDECLARED_SELECTOR = YES;
				GCC_WARN_UNINITIALIZED_AUTOS = YES_AGGRESSIVE;
				GCC_WARN_UNUSED_FUNCTION = YES;
				GCC_WARN_UNUSED_VARIABLE = YES;
				IPHONEOS_DEPLOYMENT_TARGET = 9.1;
				MTL_ENABLE_DEBUG_INFO = NO;
				SDKROOT = iphoneos;
				TARGETED_DEVICE_FAMILY = "1,2";
				VALIDATE_PRODUCT = YES;
				VERSIONING_SYSTEM = "apple-generic";
				VERSION_INFO_PREFIX = "";
			};
			name = Release;
		};
		E74F53C91C03AE810050BA8D /* Debug */ = {
			isa = XCBuildConfiguration;
			buildSettings = {
				DEFINES_MODULE = YES;
				DYLIB_COMPATIBILITY_VERSION = 1;
				DYLIB_CURRENT_VERSION = 1;
				DYLIB_INSTALL_NAME_BASE = "@rpath";
				INFOPLIST_FILE = Particleboard/Info.plist;
				INSTALL_PATH = "$(LOCAL_LIBRARY_DIR)/Frameworks";
				IPHONEOS_DEPLOYMENT_TARGET = 9.3;
				LD_RUNPATH_SEARCH_PATHS = "$(inherited) @executable_path/Frameworks @loader_path/Frameworks";
				PRODUCT_BUNDLE_IDENTIFIER = phalanx.Particleboard;
				PRODUCT_NAME = "$(TARGET_NAME)";
				SKIP_INSTALL = YES;
			};
			name = Debug;
		};
		E74F53CA1C03AE810050BA8D /* Release */ = {
			isa = XCBuildConfiguration;
			buildSettings = {
				DEFINES_MODULE = YES;
				DYLIB_COMPATIBILITY_VERSION = 1;
				DYLIB_CURRENT_VERSION = 1;
				DYLIB_INSTALL_NAME_BASE = "@rpath";
				INFOPLIST_FILE = Particleboard/Info.plist;
				INSTALL_PATH = "$(LOCAL_LIBRARY_DIR)/Frameworks";
				IPHONEOS_DEPLOYMENT_TARGET = 9.3;
				LD_RUNPATH_SEARCH_PATHS = "$(inherited) @executable_path/Frameworks @loader_path/Frameworks";
				PRODUCT_BUNDLE_IDENTIFIER = phalanx.Particleboard;
				PRODUCT_NAME = "$(TARGET_NAME)";
				SKIP_INSTALL = YES;
			};
			name = Release;
		};
		E74F53CC1C03AE810050BA8D /* Debug */ = {
			isa = XCBuildConfiguration;
			buildSettings = {
				INFOPLIST_FILE = ParticleboardTests/Info.plist;
				LD_RUNPATH_SEARCH_PATHS = "$(inherited) @executable_path/Frameworks @loader_path/Frameworks";
				PRODUCT_BUNDLE_IDENTIFIER = phalanx.ParticleboardTests;
				PRODUCT_NAME = "$(TARGET_NAME)";
			};
			name = Debug;
		};
		E74F53CD1C03AE810050BA8D /* Release */ = {
			isa = XCBuildConfiguration;
			buildSettings = {
				INFOPLIST_FILE = ParticleboardTests/Info.plist;
				LD_RUNPATH_SEARCH_PATHS = "$(inherited) @executable_path/Frameworks @loader_path/Frameworks";
				PRODUCT_BUNDLE_IDENTIFIER = phalanx.ParticleboardTests;
				PRODUCT_NAME = "$(TARGET_NAME)";
			};
			name = Release;
		};
/* End XCBuildConfiguration section */

/* Begin XCConfigurationList section */
		E74F53AE1C03AE810050BA8D /* Build configuration list for PBXProject "Particleboard" */ = {
			isa = XCConfigurationList;
			buildConfigurations = (
				E74F53C61C03AE810050BA8D /* Debug */,
				E74F53C71C03AE810050BA8D /* Release */,
			);
			defaultConfigurationIsVisible = 0;
			defaultConfigurationName = Release;
		};
		E74F53C81C03AE810050BA8D /* Build configuration list for PBXNativeTarget "Particleboard" */ = {
			isa = XCConfigurationList;
			buildConfigurations = (
				E74F53C91C03AE810050BA8D /* Debug */,
				E74F53CA1C03AE810050BA8D /* Release */,
			);
			defaultConfigurationIsVisible = 0;
			defaultConfigurationName = Release;
		};
		E74F53CB1C03AE810050BA8D /* Build configuration list for PBXNativeTarget "ParticleboardTests" */ = {
			isa = XCConfigurationList;
			buildConfigurations = (
				E74F53CC1C03AE810050BA8D /* Debug */,
				E74F53CD1C03AE810050BA8D /* Release */,
			);
			defaultConfigurationIsVisible = 0;
			defaultConfigurationName = Release;
		};
/* End XCConfigurationList section */
	};
	rootObject = E74F53AB1C03AE810050BA8D /* Project object */;
}
